
Microsoft Visual Studio Solution File, Format Version 12.00
Project("{FAE04EC0-301F-11D3-BF4B-00C04F79EFBC}") = "DeviceApi", "DeviceApi\DeviceApi.csproj", "{B8CC0C00-2D4E-4637-A75B-D7EE07F770D4}"
EndProject
Global
	GlobalSection(SolutionConfigurationPlatforms) = preSolution
		Debug|Any CPU = Debug|Any CPU
		Release|Any CPU = Release|Any CPU
	EndGlobalSection
	GlobalSection(ProjectConfigurationPlatforms) = postSolution
		{B8CC0C00-2D4E-4637-A75B-D7EE07F770D4}.Debug|Any CPU.ActiveCfg = Debug|Any CPU
		{B8CC0C00-2D4E-4637-A75B-D7EE07F770D4}.Debug|Any CPU.Build.0 = Debug|Any CPU
		{B8CC0C00-2D4E-4637-A75B-D7EE07F770D4}.Release|Any CPU.ActiveCfg = Release|Any CPU
		{B8CC0C00-2D4E-4637-A75B-D7EE07F770D4}.Release|Any CPU.Build.0 = Release|Any CPU
	EndGlobalSection
EndGlobal
